Microsoft Visual Studio Solution File, Format Version 12.00
# Visual Studio 16
VisualStudioVersion = 12.0.21005.1
MinimumVisualStudioVersion = 10.0.40219.1
Project("{F184B08F-C81C-45F6-A57F-5ABD9991F28F}") = "ExampleCustomService.Wpf", "ExampleCustomService.Wpf.Net5.vbproj", "{014E4DCA-3DEF-4940-8072-2D8A408574C5}"
EndProject
Global
	GlobalSection(SolutionConfigurationPlatforms) = preSolution
		Debug|Any CPU = Debug|Any CPU
	EndGlobalSection
	GlobalSection(ProjectConfigurationPlatforms) = postSolution
		{014E4DCA-3DEF-4940-8072-2D8A408574C5}.Debug|Any CPU.ActiveCfg = Debug|Any CPU
		{014E4DCA-3DEF-4940-8072-2D8A408574C5}.Debug|Any CPU.Build.0 = Debug|Any CPU
	EndGlobalSection
	GlobalSection(SolutionProperties) = preSolution
		HideSolutionNode = FALSE
	EndGlobalSection
EndGlobal
